// !$*UTF8*$!
{
	archiveVersion = 1;
	classes = {
	};
	objectVersion = 50;
	objects = {

/* Begin PBXBuildFile section */
		232E870E26B2E4960018B535 /* WebServiceLayer.framework in Frameworks */ = {isa = PBXBuildFile; fileRef = 232E870D26B2E4960018B535 /* WebServiceLayer.framework */; };
		232E870F26B2E4960018B535 /* WebServiceLayer.framework in Embed Frameworks */ = {isa = PBXBuildFile; fileRef = 232E870D26B2E4960018B535 /* WebServiceLayer.framework */; settings = {ATTRIBUTES = (CodeSignOnCopy, RemoveHeadersOnCopy, ); }; };
		232E871226B2E49C0018B535 /* UIComponents.framework in Frameworks */ = {isa = PBXBuildFile; fileRef = 232E871126B2E49C0018B535 /* UIComponents.framework */; };
		232E871326B2E49C0018B535 /* UIComponents.framework in Embed Frameworks */ = {isa = PBXBuildFile; fileRef = 232E871126B2E49C0018B535 /* UIComponents.framework */; settings = {ATTRIBUTES = (CodeSignOnCopy, RemoveHeadersOnCopy, ); }; };
		23905E76261D00050021F692 /* AppDelegate.swift in Sources */ = {isa = PBXBuildFile; fileRef = 23905E75261D00050021F692 /* AppDelegate.swift */; };
		23905E78261D00050021F692 /* SceneDelegate.swift in Sources */ = {isa = PBXBuildFile; fileRef = 23905E77261D00050021F692 /* SceneDelegate.swift */; };
		23905E7A261D00050021F692 /* ViewController.swift in Sources */ = {isa = PBXBuildFile; fileRef = 23905E79261D00050021F692 /* ViewController.swift */; };
		23905E7D261D00050021F692 /* Main.storyboard in Resources */ = {isa = PBXBuildFile; fileRef = 23905E7B261D00050021F692 /* Main.storyboard */; };
		23905E80261D00050021F692 /* MovieApp.xcdatamodeld in Sources */ = {isa = PBXBuildFile; fileRef = 23905E7E261D00050021F692 /* MovieApp.xcdatamodeld */; };
		23905E82261D00060021F692 /* Assets.xcassets in Resources */ = {isa = PBXBuildFile; fileRef = 23905E81261D00060021F692 /* Assets.xcassets */; };
		23905E85261D00060021F692 /* LaunchScreen.storyboard in Resources */ = {isa = PBXBuildFile; fileRef = 23905E83261D00060021F692 /* LaunchScreen.storyboard */; };
		23905E90261D00060021F692 /* MovieAppTests.swift in Sources */ = {isa = PBXBuildFile; fileRef = 23905E8F261D00060021F692 /* MovieAppTests.swift */; };
		23905E9B261D00060021F692 /* MovieAppUITests.swift in Sources */ = {isa = PBXBuildFile; fileRef = 23905E9A261D00060021F692 /* MovieAppUITests.swift */; };
/* End PBXBuildFile section */

/* Begin PBXContainerItemProxy section */
		23905E8C261D00060021F692 /* PBXContainerItemProxy */ = {
			isa = PBXContainerItemProxy;
			containerPortal = 23905E6A261D00050021F692 /* Project object */;
			proxyType = 1;
			remoteGlobalIDString = 23905E71261D00050021F692;
			remoteInfo = MovieApp;
		};
		23905E97261D00060021F692 /* PBXContainerItemProxy */ = {
			isa = PBXContainerItemProxy;
			containerPortal = 23905E6A261D00050021F692 /* Project object */;
			proxyType = 1;
			remoteGlobalIDString = 23905E71261D00050021F692;
			remoteInfo = MovieApp;
		};
/* End PBXContainerItemProxy section */

/* Begin PBXCopyFilesBuildPhase section */
		232E871026B2E4960018B535 /* Embed Frameworks */ = {
			isa = PBXCopyFilesBuildPhase;
			buildActionMask = 2147483647;
			dstPath = "";
			dstSubfolderSpec = 10;
			files = (
				232E871326B2E49C0018B535 /* UIComponents.framework in Embed Frameworks */,
				232E870F26B2E4960018B535 /* WebServiceLayer.framework in Embed Frameworks */,
			);
			name = "Embed Frameworks";
			runOnlyForDeploymentPostprocessing = 0;
		};
/* End PBXCopyFilesBuildPhase section */

/* Begin PBXFileReference section */
		2300648E26B1C9D30097CD2E /* WebServiceLayer.framework */ = {isa = PBXFileReference; explicitFileType = wrapper.framework; path = WebServiceLayer.framework; sourceTree = BUILT_PRODUCTS_DIR; };
		2300649226B1CAAD0097CD2E /* WebServiceLayer.framework */ = {isa = PBXFileReference; explicitFileType = wrapper.framework; path = WebServiceLayer.framework; sourceTree = BUILT_PRODUCTS_DIR; };
		232E870D26B2E4960018B535 /* WebServiceLayer.framework */ = {isa = PBXFileReference; explicitFileType = wrapper.framework; path = WebServiceLayer.framework; sourceTree = BUILT_PRODUCTS_DIR; };
		232E871126B2E49C0018B535 /* UIComponents.framework */ = {isa = PBXFileReference; explicitFileType = wrapper.framework; path = UIComponents.framework; sourceTree = BUILT_PRODUCTS_DIR; };
		23905E72261D00050021F692 /* MovieApp.app */ = {isa = PBXFileReference; explicitFileType = wrapper.application; includeInIndex = 0; path = MovieApp.app; sourceTree = BUILT_PRODUCTS_DIR; };
		23905E75261D00050021F692 /* AppDelegate.swift */ = {isa = PBXFileReference; lastKnownFileType = sourcecode.swift; path = AppDelegate.swift; sourceTree = "<group>"; };
		23905E77261D00050021F692 /* SceneDelegate.swift */ = {isa = PBXFileReference; lastKnownFileType = sourcecode.swift; path = SceneDelegate.swift; sourceTree = "<group>"; };
		23905E79261D00050021F692 /* ViewController.swift */ = {isa = PBXFileReference; lastKnownFileType = sourcecode.swift; path = ViewController.swift; sourceTree = "<group>"; };
		23905E7C261D00050021F692 /* Base */ = {isa = PBXFileReference; lastKnownFileType = file.storyboard; name = Base; path = Base.lproj/Main.storyboard; sourceTree = "<group>"; };
		23905E7F261D00050021F692 /* MovieApp.xcdatamodel */ = {isa = PBXFileReference; lastKnownFileType = wrapper.xcdatamodel; path = MovieApp.xcdatamodel; sourceTree = "<group>"; };
		23905E81261D00060021F692 /* Assets.xcassets */ = {isa = PBXFileReference; lastKnownFileType = folder.assetcatalog; path = Assets.xcassets; sourceTree = "<group>"; };
		23905E84261D00060021F692 /* Base */ = {isa = PBXFileReference; lastKnownFileType = file.storyboard; name = Base; path = Base.lproj/LaunchScreen.storyboard; sourceTree = "<group>"; };
		23905E86261D00060021F692 /* Info.plist */ = {isa = PBXFileReference; lastKnownFileType = text.plist.xml; path = Info.plist; sourceTree = "<group>"; };
		23905E8B261D00060021F692 /* MovieAppTests.xctest */ = {isa = PBXFileReference; explicitFileType = wrapper.cfbundle; includeInIndex = 0; path = MovieAppTests.xctest; sourceTree = BUILT_PRODUCTS_DIR; };
		23905E8F261D00060021F692 /* MovieAppTests.swift */ = {isa = PBXFileReference; lastKnownFileType = sourcecode.swift; path = MovieAppTests.swift; sourceTree = "<group>"; };
		23905E91261D00060021F692 /* Info.plist */ = {isa = PBXFileReference; lastKnownFileType = text.plist.xml; path = Info.plist; sourceTree = "<group>"; };
		23905E96261D00060021F692 /* MovieAppUITests.xctest */ = {isa = PBXFileReference; explicitFileType = wrapper.cfbundle; includeInIndex = 0; path = MovieAppUITests.xctest; sourceTree = BUILT_PRODUCTS_DIR; };
		23905E9A261D00060021F692 /* MovieAppUITests.swift */ = {isa = PBXFileReference; lastKnownFileType = sourcecode.swift; path = MovieAppUITests.swift; sourceTree = "<group>"; };
		23905E9C261D00060021F692 /* Info.plist */ = {isa = PBXFileReference; lastKnownFileType = text.plist.xml; path = Info.plist; sourceTree = "<group>"; };
/* End PBXFileReference section */

/* Begin PBXFrameworksBuildPhase section */
		23905E6F261D00050021F692 /* Frameworks */ = {
			isa = PBXFrameworksBuildPhase;
			buildActionMask = 2147483647;
			files = (
				232E871226B2E49C0018B535 /* UIComponents.framework in Frameworks */,
				232E870E26B2E4960018B535 /* WebServiceLayer.framework in Frameworks */,
			);
			runOnlyForDeploymentPostprocessing = 0;
		};
		23905E88261D00060021F692 /* Frameworks */ = {
			isa = PBXFrameworksBuildPhase;
			buildActionMask = 2147483647;
			files = (
			);
			runOnlyForDeploymentPostprocessing = 0;
		};
		23905E93261D00060021F692 /* Frameworks */ = {
			isa = PBXFrameworksBuildPhase;
			buildActionMask = 2147483647;
			files = (
			);
			runOnlyForDeploymentPostprocessing = 0;
		};
/* End PBXFrameworksBuildPhase section */

/* Begin PBXGroup section */
		2300648D26B1C9D30097CD2E /* Frameworks */ = {
			isa = PBXGroup;
			children = (
				232E871126B2E49C0018B535 /* UIComponents.framework */,
				232E870D26B2E4960018B535 /* WebServiceLayer.framework */,
				2300649226B1CAAD0097CD2E /* WebServiceLayer.framework */,
				2300648E26B1C9D30097CD2E /* WebServiceLayer.framework */,
			);
			name = Frameworks;
			sourceTree = "<group>";
		};
		23905E69261D00050021F692 = {
			isa = PBXGroup;
			children = (
				23905E74261D00050021F692 /* MovieApp */,
				23905E8E261D00060021F692 /* MovieAppTests */,
				23905E99261D00060021F692 /* MovieAppUITests */,
				23905E73261D00050021F692 /* Products */,
				2300648D26B1C9D30097CD2E /* Frameworks */,
			);
			sourceTree = "<group>";
		};
		23905E73261D00050021F692 /* Products */ = {
			isa = PBXGroup;
			children = (
				23905E72261D00050021F692 /* MovieApp.app */,
				23905E8B261D00060021F692 /* MovieAppTests.xctest */,
				23905E96261D00060021F692 /* MovieAppUITests.xctest */,
			);
			name = Products;
			sourceTree = "<group>";
		};
		23905E74261D00050021F692 /* MovieApp */ = {
			isa = PBXGroup;
			children = (
				23905EB1261D01250021F692 /* Resources */,
				23905EB0261D007D0021F692 /* Utilities */,
				23905EAF261D00750021F692 /* Components */,
				23905EAE261D00660021F692 /* WebService */,
				23905EAB261D00340021F692 /* Scenes */,
				23905E75261D00050021F692 /* AppDelegate.swift */,
				23905E77261D00050021F692 /* SceneDelegate.swift */,
				23905E81261D00060021F692 /* Assets.xcassets */,
				23905E83261D00060021F692 /* LaunchScreen.storyboard */,
				23905E86261D00060021F692 /* Info.plist */,
				23905E7E261D00050021F692 /* MovieApp.xcdatamodeld */,
			);
			path = MovieApp;
			sourceTree = "<group>";
		};
		23905E8E261D00060021F692 /* MovieAppTests */ = {
			isa = PBXGroup;
			children = (
				23905E8F261D00060021F692 /* MovieAppTests.swift */,
				23905E91261D00060021F692 /* Info.plist */,
			);
			path = MovieAppTests;
			sourceTree = "<group>";
		};
		23905E99261D00060021F692 /* MovieAppUITests */ = {
			isa = PBXGroup;
			children = (
				23905E9A261D00060021F692 /* MovieAppUITests.swift */,
				23905E9C261D00060021F692 /* Info.plist */,
			);
			path = MovieAppUITests;
			sourceTree = "<group>";
		};
		23905EAB261D00340021F692 /* Scenes */ = {
			isa = PBXGroup;
			children = (
				23905EAC261D00510021F692 /* Scene1 */,
				23905EAD261D005B0021F692 /* Scene2 */,
			);
			path = Scenes;
			sourceTree = "<group>";
		};
		23905EAC261D00510021F692 /* Scene1 */ = {
			isa = PBXGroup;
			children = (
				23905E79261D00050021F692 /* ViewController.swift */,
				23905E7B261D00050021F692 /* Main.storyboard */,
			);
			path = Scene1;
			sourceTree = "<group>";
		};
		23905EAD261D005B0021F692 /* Scene2 */ = {
			isa = PBXGroup;
			children = (
			);
			path = Scene2;
			sourceTree = "<group>";
		};
		23905EAE261D00660021F692 /* WebService */ = {
			isa = PBXGroup;
			children = (
			);
			path = WebService;
			sourceTree = "<group>";
		};
		23905EAF261D00750021F692 /* Components */ = {
			isa = PBXGroup;
			children = (
			);
			path = Components;
			sourceTree = "<group>";
		};
		23905EB0261D007D0021F692 /* Utilities */ = {
			isa = PBXGroup;
			children = (
			);
			path = Utilities;
			sourceTree = "<group>";
		};
		23905EB1261D01250021F692 /* Resources */ = {
			isa = PBXGroup;
			children = (
			);
			path = Resources;
			sourceTree = "<group>";
		};
/* End PBXGroup section */

/* Begin PBXNativeTarget section */
		23905E71261D00050021F692 /* MovieApp */ = {
			isa = PBXNativeTarget;
			buildConfigurationList = 23905E9F261D00060021F692 /* Build configuration list for PBXNativeTarget "MovieApp" */;
			buildPhases = (
				23905E6E261D00050021F692 /* Sources */,
				23905E6F261D00050021F692 /* Frameworks */,
				23905E70261D00050021F692 /* Resources */,
				232E871026B2E4960018B535 /* Embed Frameworks */,
			);
			buildRules = (
			);
			dependencies = (
			);
			name = MovieApp;
			productName = MovieApp;
			productReference = 23905E72261D00050021F692 /* MovieApp.app */;
			productType = "com.apple.product-type.application";
		};
		23905E8A261D00060021F692 /* MovieAppTests */ = {
			isa = PBXNativeTarget;
			buildConfigurationList = 23905EA2261D00060021F692 /* Build configuration list for PBXNativeTarget "MovieAppTests" */;
			buildPhases = (
				23905E87261D00060021F692 /* Sources */,
				23905E88261D00060021F692 /* Frameworks */,
				23905E89261D00060021F692 /* Resources */,
			);
			buildRules = (
			);
			dependencies = (
				23905E8D261D00060021F692 /* PBXTargetDependency */,
			);
			name = MovieAppTests;
			productName = MovieAppTests;
			productReference = 23905E8B261D00060021F692 /* MovieAppTests.xctest */;
			productType = "com.apple.product-type.bundle.unit-test";
		};
		23905E95261D00060021F692 /* MovieAppUITests */ = {
			isa = PBXNativeTarget;
			buildConfigurationList = 23905EA5261D00060021F692 /* Build configuration list for PBXNativeTarget "MovieAppUITests" */;
			buildPhases = (
				23905E92261D00060021F692 /* Sources */,
				23905E93261D00060021F692 /* Frameworks */,
				23905E94261D00060021F692 /* Resources */,
			);
			buildRules = (
			);
			dependencies = (
				23905E98261D00060021F692 /* PBXTargetDependency */,
			);
			name = MovieAppUITests;
			productName = MovieAppUITests;
			productReference = 23905E96261D00060021F692 /* MovieAppUITests.xctest */;
			productType = "com.apple.product-type.bundle.ui-testing";
		};
/* End PBXNativeTarget section */

/* Begin PBXProject section */
		23905E6A261D00050021F692 /* Project object */ = {
			isa = PBXProject;
			attributes = {
				LastSwiftUpdateCheck = 1240;
				LastUpgradeCheck = 1240;
				TargetAttributes = {
					23905E71261D00050021F692 = {
						CreatedOnToolsVersion = 12.4;
					};
					23905E8A261D00060021F692 = {
						CreatedOnToolsVersion = 12.4;
						TestTargetID = 23905E71261D00050021F692;
					};
					23905E95261D00060021F692 = {
						CreatedOnToolsVersion = 12.4;
						TestTargetID = 23905E71261D00050021F692;
					};
				};
			};
			buildConfigurationList = 23905E6D261D00050021F692 /* Build configuration list for PBXProject "MovieApp" */;
			compatibilityVersion = "Xcode 9.3";
			developmentRegion = en;
			hasScannedForEncodings = 0;
			knownRegions = (
				en,
				Base,
			);
			mainGroup = 23905E69261D00050021F692;
			productRefGroup = 23905E73261D00050021F692 /* Products */;
			projectDirPath = "";
			projectRoot = "";
			targets = (
				23905E71261D00050021F692 /* MovieApp */,
				23905E8A261D00060021F692 /* MovieAppTests */,
				23905E95261D00060021F692 /* MovieAppUITests */,
			);
		};
/* End PBXProject section */

/* Begin PBXResourcesBuildPhase section */
		23905E70261D00050021F692 /* Resources */ = {
			isa = PBXResourcesBuildPhase;
			buildActionMask = 2147483647;
			files = (
				23905E85261D00060021F692 /* LaunchScreen.storyboard in Resources */,
				23905E82261D00060021F692 /* Assets.xcassets in Resources */,
				23905E7D261D00050021F692 /* Main.storyboard in Resources */,
			);
			runOnlyForDeploymentPostprocessing = 0;
		};
		23905E89261D00060021F692 /* Resources */ = {
			isa = PBXResourcesBuildPhase;
			buildActionMask = 2147483647;
			files = (
			);
			runOnlyForDeploymentPostprocessing = 0;
		};
		23905E94261D00060021F692 /* Resources */ = {
			isa = PBXResourcesBuildPhase;
			buildActionMask = 2147483647;
			files = (
			);
			runOnlyForDeploymentPostprocessing = 0;
		};
/* End PBXResourcesBuildPhase section */

/* Begin PBXSourcesBuildPhase section */
		23905E6E261D00050021F692 /* Sources */ = {
			isa = PBXSourcesBuildPhase;
			buildActionMask = 2147483647;
			files = (
				23905E7A261D00050021F692 /* ViewController.swift in Sources */,
				23905E76261D00050021F692 /* AppDelegate.swift in Sources */,
				23905E80261D00050021F692 /* MovieApp.xcdatamodeld in Sources */,
				23905E78261D00050021F692 /* SceneDelegate.swift in Sources */,
			);
			runOnlyForDeploymentPostprocessing = 0;
		};
		23905E87261D00060021F692 /* Sources */ = {
			isa = PBXSourcesBuildPhase;
			buildActionMask = 2147483647;
			files = (
				23905E90261D00060021F692 /* MovieAppTests.swift in Sources */,
			);
			runOnlyForDeploymentPostprocessing = 0;
		};
		23905E92261D00060021F692 /* Sources */ = {
			isa = PBXSourcesBuildPhase;
			buildActionMask = 2147483647;
			files = (
				23905E9B261D00060021F692 /* MovieAppUITests.swift in Sources */,
			);
			runOnlyForDeploymentPostprocessing = 0;
		};
/* End PBXSourcesBuildPhase section */

/* Begin PBXTargetDependency section */
		23905E8D261D00060021F692 /* PBXTargetDependency */ = {
			isa = PBXTargetDependency;
			target = 23905E71261D00050021F692 /* MovieApp */;
			targetProxy = 23905E8C261D00060021F692 /* PBXContainerItemProxy */;
		};
		23905E98261D00060021F692 /* PBXTargetDependency */ = {
			isa = PBXTargetDependency;
			target = 23905E71261D00050021F692 /* MovieApp */;
			targetProxy = 23905E97261D00060021F692 /* PBXContainerItemProxy */;
		};
/* End PBXTargetDependency section */

/* Begin PBXVariantGroup section */
		23905E7B261D00050021F692 /* Main.storyboard */ = {
			isa = PBXVariantGroup;
			children = (
				23905E7C261D00050021F692 /* Base */,
			);
			name = Main.storyboard;
			sourceTree = "<group>";
		};
		23905E83261D00060021F692 /* LaunchScreen.storyboard */ = {
			isa = PBXVariantGroup;
			children = (
				23905E84261D00060021F692 /* Base */,
			);
			name = LaunchScreen.storyboard;
			sourceTree = "<group>";
		};
/* End PBXVariantGroup section */

/* Begin XCBuildConfiguration section */
		23905E9D261D00060021F692 /* Debug */ = {
			isa = XCBuildConfiguration;
			buildSettings = {
				ALWAYS_SEARCH_USER_PATHS = NO;
				CLANG_ANALYZER_NONNULL = YES;
				CLANG_ANALYZER_NUMBER_OBJECT_CONVERSION = YES_AGGRESSIVE;
				CLANG_CXX_LANGUAGE_STANDARD = "gnu++14";
				CLANG_CXX_LIBRARY = "libc++";
				CLANG_ENABLE_MODULES = YES;
				CLANG_ENABLE_OBJC_ARC = YES;
				CLANG_ENABLE_OBJC_WEAK = YES;
				CLANG_WARN_BLOCK_CAPTURE_AUTORELEASING = YES;
				CLANG_WARN_BOOL_CONVERSION = YES;
				CLANG_WARN_COMMA = YES;
				CLANG_WARN_CONSTANT_CONVERSION = YES;
				CLANG_WARN_DEPRECATED_OBJC_IMPLEMENTATIONS = YES;
				CLANG_WARN_DIRECT_OBJC_ISA_USAGE = YES_ERROR;
				CLANG_WARN_DOCUMENTATION_COMMENTS = YES;
				CLANG_WARN_EMPTY_BODY = YES;
				CLANG_WARN_ENUM_CONVERSION = YES;
				CLANG_WARN_INFINITE_RECURSION = YES;
				CLANG_WARN_INT_CONVERSION = YES;
				CLANG_WARN_NON_LITERAL_NULL_CONVERSION = YES;
				CLANG_WARN_OBJC_IMPLICIT_RETAIN_SELF = YES;
				CLANG_WARN_OBJC_LITERAL_CONVERSION = YES;
				CLANG_WARN_OBJC_ROOT_CLASS = YES_ERROR;
				CLANG_WARN_QUOTED_INCLUDE_IN_FRAMEWORK_HEADER = YES;
				CLANG_WARN_RANGE_LOOP_ANALYSIS = YES;
				CLANG_WARN_STRICT_PROTOTYPES = YES;
				CLANG_WARN_SUSPICIOUS_MOVE = YES;
				CLANG_WARN_UNGUARDED_AVAILABILITY = YES_AGGRESSIVE;
				CLANG_WARN_UNREACHABLE_CODE = YES;
				CLANG_WARN__DUPLICATE_METHOD_MATCH = YES;
				COPY_PHASE_STRIP = NO;
				DEBUG_INFORMATION_FORMAT = dwarf;
				ENABLE_STRICT_OBJC_MSGSEND = YES;
				ENABLE_TESTABILITY = YES;
				GCC_C_LANGUAGE_STANDARD = gnu11;
				GCC_DYNAMIC_NO_PIC = NO;
				GCC_NO_COMMON_BLOCKS = YES;
				GCC_OPTIMIZATION_LEVEL = 0;
				GCC_PREPROCESSOR_DEFINITIONS = (
					"DEBUG=1",
					"$(inherited)",
				);
				GCC_WARN_64_TO_32_BIT_CONVERSION = YES;
				GCC_WARN_ABOUT_RETURN_TYPE = YES_ERROR;
				GCC_WARN_UNDECLARED_SELECTOR = YES;
				GCC_WARN_UNINITIALIZED_AUTOS = YES_AGGRESSIVE;
				GCC_WARN_UNUSED_FUNCTION = YES;
				GCC_WARN_UNUSED_VARIABLE = YES;
				IPHONEOS_DEPLOYMENT_TARGET = 14.4;
				MTL_ENABLE_DEBUG_INFO = INCLUDE_SOURCE;
				MTL_FAST_MATH = YES;
				ONLY_ACTIVE_ARCH = YES;
				SDKROOT = iphoneos;
				SWIFT_ACTIVE_COMPILATION_CONDITIONS = DEBUG;
				SWIFT_OPTIMIZATION_LEVEL = "-Onone";
			};
			name = Debug;
		};
		23905E9E261D00060021F692 /* Release */ = {
			isa = XCBuildConfiguration;
			buildSettings = {
				ALWAYS_SEARCH_USER_PATHS = NO;
				CLANG_ANALYZER_NONNULL = YES;
				CLANG_ANALYZER_NUMBER_OBJECT_CONVERSION = YES_AGGRESSIVE;
				CLANG_CXX_LANGUAGE_STANDARD = "gnu++14";
				CLANG_CXX_LIBRARY = "libc++";
				CLANG_ENABLE_MODULES = YES;
				CLANG_ENABLE_OBJC_ARC = YES;
				CLANG_ENABLE_OBJC_WEAK = YES;
				CLANG_WARN_BLOCK_CAPTURE_AUTORELEASING = YES;
				CLANG_WARN_BOOL_CONVERSION = YES;
				CLANG_WARN_COMMA = YES;
				CLANG_WARN_CONSTANT_CONVERSION = YES;
				CLANG_WARN_DEPRECATED_OBJC_IMPLEMENTATIONS = YES;
				CLANG_WARN_DIRECT_OBJC_ISA_USAGE = YES_ERROR;
				CLANG_WARN_DOCUMENTATION_COMMENTS = YES;
				CLANG_WARN_EMPTY_BODY = YES;
				CLANG_WARN_ENUM_CONVERSION = YES;
				CLANG_WARN_INFINITE_RECURSION = YES;
				CLANG_WARN_INT_CONVERSION = YES;
				CLANG_WARN_NON_LITERAL_NULL_CONVERSION = YES;
				CLANG_WARN_OBJC_IMPLICIT_RETAIN_SELF = YES;
				CLANG_WARN_OBJC_LITERAL_CONVERSION = YES;
				CLANG_WARN_OBJC_ROOT_CLASS = YES_ERROR;
				CLANG_WARN_QUOTED_INCLUDE_IN_FRAMEWORK_HEADER = YES;
				CLANG_WARN_RANGE_LOOP_ANALYSIS = YES;
				CLANG_WARN_STRICT_PROTOTYPES = YES;
				CLANG_WARN_SUSPICIOUS_MOVE = YES;
				CLANG_WARN_UNGUARDED_AVAILABILITY = YES_AGGRESSIVE;
				CLANG_WARN_UNREACHABLE_CODE = YES;
				CLANG_WARN__DUPLICATE_METHOD_MATCH = YES;
				COPY_PHASE_STRIP = NO;
				DEBUG_INFORMATION_FORMAT = "dwarf-with-dsym";
				ENABLE_NS_ASSERTIONS = NO;
				ENABLE_STRICT_OBJC_MSGSEND = YES;
				GCC_C_LANGUAGE_STANDARD = gnu11;
				GCC_NO_COMMON_BLOCKS = YES;
				GCC_WARN_64_TO_32_BIT_CONVERSION = YES;
				GCC_WARN_ABOUT_RETURN_TYPE = YES_ERROR;
				GCC_WARN_UNDECLARED_SELECTOR = YES;
				GCC_WARN_UNINITIALIZED_AUTOS = YES_AGGRESSIVE;
				GCC_WARN_UNUSED_FUNCTION = YES;
				GCC_WARN_UNUSED_VARIABLE = YES;
				IPHONEOS_DEPLOYMENT_TARGET = 14.4;
				MTL_ENABLE_DEBUG_INFO = NO;
				MTL_FAST_MATH = YES;
				SDKROOT = iphoneos;
				SWIFT_COMPILATION_MODE = wholemodule;
				SWIFT_OPTIMIZATION_LEVEL = "-O";
				VALIDATE_PRODUCT = YES;
			};
			name = Release;
		};
		23905EA0261D00060021F692 /* Debug */ = {
			isa = XCBuildConfiguration;
			buildSettings = {
				ASSETCATALOG_COMPILER_APPICON_NAME = AppIcon;
				ASSETCATALOG_COMPILER_GLOBAL_ACCENT_COLOR_NAME = AccentColor;
				CODE_SIGN_STYLE = Automatic;
				DEVELOPMENT_TEAM = V67D4G3GQV;
				INFOPLIST_FILE = MovieApp/Info.plist;
				IPHONEOS_DEPLOYMENT_TARGET = 14.5;
				LD_RUNPATH_SEARCH_PATHS = (
					"$(inherited)",
					"@executable_path/Frameworks",
				);
				PRODUCT_BUNDLE_IDENTIFIER = com.test.emndeniz.MovieApp;
				PRODUCT_NAME = "$(TARGET_NAME)";
				SWIFT_VERSION = 5.0;
				TARGETED_DEVICE_FAMILY = "1,2";
			};
			name = Debug;
		};
		23905EA1261D00060021F692 /* Release */ = {
			isa = XCBuildConfiguration;
			buildSettings = {
				ASSETCATALOG_COMPILER_APPICON_NAME = AppIcon;
				ASSETCATALOG_COMPILER_GLOBAL_ACCENT_COLOR_NAME = AccentColor;
				CODE_SIGN_STYLE = Automatic;
				DEVELOPMENT_TEAM = V67D4G3GQV;
				INFOPLIST_FILE = MovieApp/Info.plist;
				IPHONEOS_DEPLOYMENT_TARGET = 14.5;
				LD_RUNPATH_SEARCH_PATHS = (
					"$(inherited)",
					"@executable_path/Frameworks",
				);
				PRODUCT_BUNDLE_IDENTIFIER = com.test.emndeniz.MovieApp;
				PRODUCT_NAME = "$(TARGET_NAME)";
				SWIFT_VERSION = 5.0;
				TARGETED_DEVICE_FAMILY = "1,2";
			};
			name = Release;
		};
		23905EA3261D00060021F692 /* Debug */ = {
			isa = XCBuildConfiguration;
			buildSettings = {
				ALWAYS_EMBED_SWIFT_STANDARD_LIBRARIES = YES;
				BUNDLE_LOADER = "$(TEST_HOST)";
				CODE_SIGN_STYLE = Automatic;
				DEVELOPMENT_TEAM = V67D4G3GQV;
				INFOPLIST_FILE = MovieAppTests/Info.plist;
				IPHONEOS_DEPLOYMENT_TARGET = 14.4;
				LD_RUNPATH_SEARCH_PATHS = (
					"$(inherited)",
					"@executable_path/Frameworks",
					"@loader_path/Frameworks",
				);
				PRODUCT_BUNDLE_IDENTIFIER = com.test.emndeniz.MovieAppTests;
				PRODUCT_NAME = "$(TARGET_NAME)";
				SWIFT_VERSION = 5.0;
				TARGETED_DEVICE_FAMILY = "1,2";
				TEST_HOST = "$(BUILT_PRODUCTS_DIR)/MovieApp.app/MovieApp";
			};
			name = Debug;
		};
		23905EA4261D00060021F692 /* Release */ = {
			isa = XCBuildConfiguration;
			buildSettings = {
				ALWAYS_EMBED_SWIFT_STANDARD_LIBRARIES = YES;
				BUNDLE_LOADER = "$(TEST_HOST)";
				CODE_SIGN_STYLE = Automatic;
				DEVELOPMENT_TEAM = V67D4G3GQV;
				INFOPLIST_FILE = MovieAppTests/Info.plist;
				IPHONEOS_DEPLOYMENT_TARGET = 14.4;
				LD_RUNPATH_SEARCH_PATHS = (
					"$(inherited)",
					"@executable_path/Frameworks",
					"@loader_path/Frameworks",
				);
				PRODUCT_BUNDLE_IDENTIFIER = com.test.emndeniz.MovieAppTests;
				PRODUCT_NAME = "$(TARGET_NAME)";
				SWIFT_VERSION = 5.0;
				TARGETED_DEVICE_FAMILY = "1,2";
				TEST_HOST = "$(BUILT_PRODUCTS_DIR)/MovieApp.app/MovieApp";
			};
			name = Release;
		};
		23905EA6261D00060021F692 /* Debug */ = {
			isa = XCBuildConfiguration;
			buildSettings = {
				ALWAYS_EMBED_SWIFT_STANDARD_LIBRARIES = YES;
				CODE_SIGN_STYLE = Automatic;
				DEVELOPMENT_TEAM = V67D4G3GQV;
				INFOPLIST_FILE = MovieAppUITests/Info.plist;
				LD_RUNPATH_SEARCH_PATHS = (
					"$(inherited)",
					"@executable_path/Frameworks",
					"@loader_path/Frameworks",
				);
				PRODUCT_BUNDLE_IDENTIFIER = com.test.emndeniz.MovieAppUITests;
				PRODUCT_NAME = "$(TARGET_NAME)";
				SWIFT_VERSION = 5.0;
				TARGETED_DEVICE_FAMILY = "1,2";
				TEST_TARGET_NAME = MovieApp;
			};
			name = Debug;
		};
		23905EA7261D00060021F692 /* Release */ = {
			isa = XCBuildConfiguration;
			buildSettings = {
				ALWAYS_EMBED_SWIFT_STANDARD_LIBRARIES = YES;
				CODE_SIGN_STYLE = Automatic;
				DEVELOPMENT_TEAM = V67D4G3GQV;
				INFOPLIST_FILE = MovieAppUITests/Info.plist;
				LD_RUNPATH_SEARCH_PATHS = (
					"$(inherited)",
					"@executable_path/Frameworks",
					"@loader_path/Frameworks",
				);
				PRODUCT_BUNDLE_IDENTIFIER = com.test.emndeniz.MovieAppUITests;
				PRODUCT_NAME = "$(TARGET_NAME)";
				SWIFT_VERSION = 5.0;
				TARGETED_DEVICE_FAMILY = "1,2";
				TEST_TARGET_NAME = MovieApp;
			};
			name = Release;
		};
/* End XCBuildConfiguration section */

/* Begin XCConfigurationList section */
		23905E6D261D00050021F692 /* Build configuration list for PBXProject "MovieApp" */ = {
			isa = XCConfigurationList;
			buildConfigurations = (
				23905E9D261D00060021F692 /* Debug */,
				23905E9E261D00060021F692 /* Release */,
			);
			defaultConfigurationIsVisible = 0;
			defaultConfigurationName = Release;
		};
		23905E9F261D00060021F692 /* Build configuration list for PBXNativeTarget "MovieApp" */ = {
			isa = XCConfigurationList;
			buildConfigurations = (
				23905EA0261D00060021F692 /* Debug */,
				23905EA1261D00060021F692 /* Release */,
			);
			defaultConfigurationIsVisible = 0;
			defaultConfigurationName = Release;
		};
		23905EA2261D00060021F692 /* Build configuration list for PBXNativeTarget "MovieAppTests" */ = {
			isa = XCConfigurationList;
			buildConfigurations = (
				23905EA3261D00060021F692 /* Debug */,
				23905EA4261D00060021F692 /* Release */,
			);
			defaultConfigurationIsVisible = 0;
			defaultConfigurationName = Release;
		};
		23905EA5261D00060021F692 /* Build configuration list for PBXNativeTarget "MovieAppUITests" */ = {
			isa = XCConfigurationList;
			buildConfigurations = (
				23905EA6261D00060021F692 /* Debug */,
				23905EA7261D00060021F692 /* Release */,
			);
			defaultConfigurationIsVisible = 0;
			defaultConfigurationName = Release;
		};
/* End XCConfigurationList section */

/* Begin XCVersionGroup section */
		23905E7E261D00050021F692 /* MovieApp.xcdatamodeld */ = {
			isa = XCVersionGroup;
			children = (
				23905E7F261D00050021F692 /* MovieApp.xcdatamodel */,
			);
			currentVersion = 23905E7F261D00050021F692 /* MovieApp.xcdatamodel */;
			path = MovieApp.xcdatamodeld;
			sourceTree = "<group>";
			versionGroupType = wrapper.xcdatamodel;
		};
/* End XCVersionGroup section */
	};
	rootObject = 23905E6A261D00050021F692 /* Project object */;
}
